<Solution>
  <Folder Name="/src/">
    <Project Path="src/PhotoStudio.Domain/PhotoStudio.Domain.csproj" />
    <Project Path="src/PhotoStudio.Application/PhotoStudio.Application.csproj" />
    <Project Path="src/PhotoStudio.Infrastructure/PhotoStudio.Infrastructure.csproj" />
    <Project Path="src/PhotoStudio.Api/PhotoStudio.Api.csproj" />
  </Folder>
  <Folder Name="/tests/">
    <Project Path="tests/PhotoStudio.Domain.UnitTests/PhotoStudio.Domain.UnitTests.csproj" />
    <Project Path="tests/PhotoStudio.Application.UnitTests/PhotoStudio.Application.UnitTests.csproj" />
    <Project Path="tests/PhotoStudio.Infrastructure.IntegrationTests/PhotoStudio.Infrastructure.IntegrationTests.csproj" />
  </Folder>
</Solution>
